<?xml version="1.0" encoding="utf-8"?>
<Project ToolsVersion="4.0" xmlns="http://schemas.microsoft.com/developer/msbuild/2003">
  <ItemGroup>
    <Filter Include="include">
      <UniqueIdentifier>{f543919f-cfc4-40b7-8def-aa765ae18deb}</UniqueIdentifier>
    </Filter>
    <Filter Include="src">
      <UniqueIdentifier>{4fc2fa7a-cd72-47d7-876f-0a62fae5c40f}</UniqueIdentifier>
    </Filter>
  </ItemGroup>
  <ItemGroup>
    <ClInclude Include="UIWidget.h">
      <Filter>include</Filter>
    </ClInclude>
    <ClInclude Include="UIView.h">
      <Filter>include</Filter>
    </ClInclude>
    <ClInclude Include="GUIDefines.h">
      <Filter>include</Filter>
    </ClInclude>
    <ClInclude Include="IInteractable.h">
      <Filter>include</Filter>
    </ClInclude>
    <ClInclude Include="UIInteractor.h">
      <Filter>include</Filter>
    </ClInclude>
    <ClInclude Include="UIImage.h">
      <Filter>include</Filter>
    </ClInclude>
    <ClInclude Include="UILabel.h">
      <Filter>include</Filter>
    </ClInclude>
    <ClInclude Include="UISystem.h">
      <Filter>include</Filter>
    </ClInclude>
  </ItemGroup>
  <ItemGroup>
    <ClCompile Include="UIWidget.cpp">
      <Filter>src</Filter>
    </ClCompile>
    <ClCompile Include="UIView.cpp">
      <Filter>src</Filter>
    </ClCompile>
    <ClCompile Include="UIInteractor.cpp">
      <Filter>src</Filter>
    </ClCompile>
    <ClCompile Include="UIImage.cpp">
      <Filter>src</Filter>
    </ClCompile>
    <ClCompile Include="UILabel.cpp">
      <Filter>src</Filter>
    </ClCompile>
    <ClCompile Include="UISystem.cpp">
      <Filter>src</Filter>
    </ClCompile>
  </ItemGroup>
</Project>