
Microsoft Visual Studio Solution File, Format Version 12.00
# Visual Studio 14
VisualStudioVersion = 14.0.25420.1
MinimumVisualStudioVersion = 10.0.40219.1
Project("{8BC9CEB8-8B4A-11D0-8D11-00A0C91BC942}") = "CPPTest", "CPPTest\CPPTest.vcxproj", "{02E16804-E455-4981-9822-873BAA90B1CD}"
EndProject
Project("{8BC9CEB8-8B4A-11D0-8D11-00A0C91BC942}") = "SpEditor", "SpEditor\SpEditor.vcxproj", "{8FFBE724-272F-4F96-BA75-A22234423C87}"
EndProject
Project("{8BC9CEB8-8B4A-11D0-8D11-00A0C91BC942}") = "SpGameEngine", "SpGameEngine\SpGameEngine.vcxproj", "{C53D66E8-F0F3-46CC-BBD5-54390C28FF60}"
EndProject
Project("{8BC9CEB8-8B4A-11D0-8D11-00A0C91BC942}") = "SpRendering", "SpRendering\SpRendering.vcxproj", "{4DACD06A-D8CD-4D20-955E-BEE0BB0E9CD2}"
EndProject
Project("{8BC9CEB8-8B4A-11D0-8D11-00A0C91BC942}") = "SpCommon", "SpCommon\SpCommon.vcxproj", "{43ED9727-74EE-4AEA-873F-50F8A7C1B09C}"
EndProject
Global
	GlobalSection(SolutionConfigurationPlatforms) = preSolution
		Debug|Win32 = Debug|Win32
		Debug|x64 = Debug|x64
		DLLEXPORT|Win32 = DLLEXPORT|Win32
		DLLEXPORT|x64 = DLLEXPORT|x64
		EDITOR|Win32 = EDITOR|Win32
		EDITOR|x64 = EDITOR|x64
		Release|Win32 = Release|Win32
		Release|x64 = Release|x64
		WIN32RUN|Win32 = WIN32RUN|Win32
		WIN32RUN|x64 = WIN32RUN|x64
	EndGlobalSection
	GlobalSection(ProjectConfigurationPlatforms) = postSolution
		{02E16804-E455-4981-9822-873BAA90B1CD}.Debug|Win32.ActiveCfg = Debug|Win32
		{02E16804-E455-4981-9822-873BAA90B1CD}.Debug|Win32.Build.0 = Debug|Win32
		{02E16804-E455-4981-9822-873BAA90B1CD}.Debug|x64.ActiveCfg = Debug|x64
		{02E16804-E455-4981-9822-873BAA90B1CD}.Debug|x64.Build.0 = Debug|x64
		{02E16804-E455-4981-9822-873BAA90B1CD}.DLLEXPORT|Win32.ActiveCfg = Debug|Win32
		{02E16804-E455-4981-9822-873BAA90B1CD}.DLLEXPORT|Win32.Build.0 = Debug|Win32
		{02E16804-E455-4981-9822-873BAA90B1CD}.DLLEXPORT|x64.ActiveCfg = Debug|x64
		{02E16804-E455-4981-9822-873BAA90B1CD}.DLLEXPORT|x64.Build.0 = Debug|x64
		{02E16804-E455-4981-9822-873BAA90B1CD}.EDITOR|Win32.ActiveCfg = Release|Win32
		{02E16804-E455-4981-9822-873BAA90B1CD}.EDITOR|Win32.Build.0 = Release|Win32
		{02E16804-E455-4981-9822-873BAA90B1CD}.EDITOR|x64.ActiveCfg = Release|x64
		{02E16804-E455-4981-9822-873BAA90B1CD}.EDITOR|x64.Build.0 = Release|x64
		{02E16804-E455-4981-9822-873BAA90B1CD}.Release|Win32.ActiveCfg = Release|Win32
		{02E16804-E455-4981-9822-873BAA90B1CD}.Release|Win32.Build.0 = Release|Win32
		{02E16804-E455-4981-9822-873BAA90B1CD}.Release|x64.ActiveCfg = Release|x64
		{02E16804-E455-4981-9822-873BAA90B1CD}.Release|x64.Build.0 = Release|x64
		{02E16804-E455-4981-9822-873BAA90B1CD}.WIN32RUN|Win32.ActiveCfg = Release|Win32
		{02E16804-E455-4981-9822-873BAA90B1CD}.WIN32RUN|Win32.Build.0 = Release|Win32
		{02E16804-E455-4981-9822-873BAA90B1CD}.WIN32RUN|x64.ActiveCfg = Release|x64
		{02E16804-E455-4981-9822-873BAA90B1CD}.WIN32RUN|x64.Build.0 = Release|x64
		{8FFBE724-272F-4F96-BA75-A22234423C87}.Debug|Win32.ActiveCfg = Debug|Win32
		{8FFBE724-272F-4F96-BA75-A22234423C87}.Debug|Win32.Build.0 = Debug|Win32
		{8FFBE724-272F-4F96-BA75-A22234423C87}.Debug|x64.ActiveCfg = Debug|x64
		{8FFBE724-272F-4F96-BA75-A22234423C87}.Debug|x64.Build.0 = Debug|x64
		{8FFBE724-272F-4F96-BA75-A22234423C87}.DLLEXPORT|Win32.ActiveCfg = Debug|Win32
		{8FFBE724-272F-4F96-BA75-A22234423C87}.DLLEXPORT|Win32.Build.0 = Debug|Win32
		{8FFBE724-272F-4F96-BA75-A22234423C87}.DLLEXPORT|x64.ActiveCfg = Debug|x64
		{8FFBE724-272F-4F96-BA75-A22234423C87}.DLLEXPORT|x64.Build.0 = Debug|x64
		{8FFBE724-272F-4F96-BA75-A22234423C87}.EDITOR|Win32.ActiveCfg = Release|Win32
		{8FFBE724-272F-4F96-BA75-A22234423C87}.EDITOR|Win32.Build.0 = Release|Win32
		{8FFBE724-272F-4F96-BA75-A22234423C87}.EDITOR|x64.ActiveCfg = Release|x64
		{8FFBE724-272F-4F96-BA75-A22234423C87}.EDITOR|x64.Build.0 = Release|x64
		{8FFBE724-272F-4F96-BA75-A22234423C87}.Release|Win32.ActiveCfg = Release|Win32
		{8FFBE724-272F-4F96-BA75-A22234423C87}.Release|Win32.Build.0 = Release|Win32
		{8FFBE724-272F-4F96-BA75-A22234423C87}.Release|x64.ActiveCfg = Release|x64
		{8FFBE724-272F-4F96-BA75-A22234423C87}.Release|x64.Build.0 = Release|x64
		{8FFBE724-272F-4F96-BA75-A22234423C87}.WIN32RUN|Win32.ActiveCfg = Release|Win32
		{8FFBE724-272F-4F96-BA75-A22234423C87}.WIN32RUN|Win32.Build.0 = Release|Win32
		{8FFBE724-272F-4F96-BA75-A22234423C87}.WIN32RUN|x64.ActiveCfg = Release|x64
		{8FFBE724-272F-4F96-BA75-A22234423C87}.WIN32RUN|x64.Build.0 = Release|x64
		{C53D66E8-F0F3-46CC-BBD5-54390C28FF60}.Debug|Win32.ActiveCfg = Debug|Win32
		{C53D66E8-F0F3-46CC-BBD5-54390C28FF60}.Debug|Win32.Build.0 = Debug|Win32
		{C53D66E8-F0F3-46CC-BBD5-54390C28FF60}.Debug|x64.ActiveCfg = Debug|Win32
		{C53D66E8-F0F3-46CC-BBD5-54390C28FF60}.DLLEXPORT|Win32.ActiveCfg = DLLEXPORT|Win32
		{C53D66E8-F0F3-46CC-BBD5-54390C28FF60}.DLLEXPORT|Win32.Build.0 = DLLEXPORT|Win32
		{C53D66E8-F0F3-46CC-BBD5-54390C28FF60}.DLLEXPORT|x64.ActiveCfg = DLLEXPORT|Win32
		{C53D66E8-F0F3-46CC-BBD5-54390C28FF60}.EDITOR|Win32.ActiveCfg = DLLEXPORT|Win32
		{C53D66E8-F0F3-46CC-BBD5-54390C28FF60}.EDITOR|Win32.Build.0 = DLLEXPORT|Win32
		{C53D66E8-F0F3-46CC-BBD5-54390C28FF60}.EDITOR|x64.ActiveCfg = DLLEXPORT|Win32
		{C53D66E8-F0F3-46CC-BBD5-54390C28FF60}.EDITOR|x64.Build.0 = DLLEXPORT|Win32
		{C53D66E8-F0F3-46CC-BBD5-54390C28FF60}.Release|Win32.ActiveCfg = Release|Win32
		{C53D66E8-F0F3-46CC-BBD5-54390C28FF60}.Release|Win32.Build.0 = Release|Win32
		{C53D66E8-F0F3-46CC-BBD5-54390C28FF60}.Release|x64.ActiveCfg = Release|Win32
		{C53D66E8-F0F3-46CC-BBD5-54390C28FF60}.WIN32RUN|Win32.ActiveCfg = WIN32RUN|Win32
		{C53D66E8-F0F3-46CC-BBD5-54390C28FF60}.WIN32RUN|Win32.Build.0 = WIN32RUN|Win32
		{C53D66E8-F0F3-46CC-BBD5-54390C28FF60}.WIN32RUN|x64.ActiveCfg = WIN32RUN|Win32
		{4DACD06A-D8CD-4D20-955E-BEE0BB0E9CD2}.Debug|Win32.ActiveCfg = Debug|Win32
		{4DACD06A-D8CD-4D20-955E-BEE0BB0E9CD2}.Debug|Win32.Build.0 = Debug|Win32
		{4DACD06A-D8CD-4D20-955E-BEE0BB0E9CD2}.Debug|x64.ActiveCfg = Debug|x64
		{4DACD06A-D8CD-4D20-955E-BEE0BB0E9CD2}.Debug|x64.Build.0 = Debug|x64
		{4DACD06A-D8CD-4D20-955E-BEE0BB0E9CD2}.DLLEXPORT|Win32.ActiveCfg = Debug|Win32
		{4DACD06A-D8CD-4D20-955E-BEE0BB0E9CD2}.DLLEXPORT|Win32.Build.0 = Debug|Win32
		{4DACD06A-D8CD-4D20-955E-BEE0BB0E9CD2}.DLLEXPORT|x64.ActiveCfg = Debug|x64
		{4DACD06A-D8CD-4D20-955E-BEE0BB0E9CD2}.DLLEXPORT|x64.Build.0 = Debug|x64
		{4DACD06A-D8CD-4D20-955E-BEE0BB0E9CD2}.EDITOR|Win32.ActiveCfg = Release|Win32
		{4DACD06A-D8CD-4D20-955E-BEE0BB0E9CD2}.EDITOR|Win32.Build.0 = Release|Win32
		{4DACD06A-D8CD-4D20-955E-BEE0BB0E9CD2}.EDITOR|x64.ActiveCfg = Release|x64
		{4DACD06A-D8CD-4D20-955E-BEE0BB0E9CD2}.EDITOR|x64.Build.0 = Release|x64
		{4DACD06A-D8CD-4D20-955E-BEE0BB0E9CD2}.Release|Win32.ActiveCfg = Release|Win32
		{4DACD06A-D8CD-4D20-955E-BEE0BB0E9CD2}.Release|Win32.Build.0 = Release|Win32
		{4DACD06A-D8CD-4D20-955E-BEE0BB0E9CD2}.Release|x64.ActiveCfg = Release|x64
		{4DACD06A-D8CD-4D20-955E-BEE0BB0E9CD2}.Release|x64.Build.0 = Release|x64
		{4DACD06A-D8CD-4D20-955E-BEE0BB0E9CD2}.WIN32RUN|Win32.ActiveCfg = Release|Win32
		{4DACD06A-D8CD-4D20-955E-BEE0BB0E9CD2}.WIN32RUN|Win32.Build.0 = Release|Win32
		{4DACD06A-D8CD-4D20-955E-BEE0BB0E9CD2}.WIN32RUN|x64.ActiveCfg = Release|x64
		{4DACD06A-D8CD-4D20-955E-BEE0BB0E9CD2}.WIN32RUN|x64.Build.0 = Release|x64
		{43ED9727-74EE-4AEA-873F-50F8A7C1B09C}.Debug|Win32.ActiveCfg = Debug|Win32
		{43ED9727-74EE-4AEA-873F-50F8A7C1B09C}.Debug|Win32.Build.0 = Debug|Win32
		{43ED9727-74EE-4AEA-873F-50F8A7C1B09C}.Debug|x64.ActiveCfg = Debug|x64
		{43ED9727-74EE-4AEA-873F-50F8A7C1B09C}.Debug|x64.Build.0 = Debug|x64
		{43ED9727-74EE-4AEA-873F-50F8A7C1B09C}.DLLEXPORT|Win32.ActiveCfg = Debug|Win32
		{43ED9727-74EE-4AEA-873F-50F8A7C1B09C}.DLLEXPORT|Win32.Build.0 = Debug|Win32
		{43ED9727-74EE-4AEA-873F-50F8A7C1B09C}.DLLEXPORT|x64.ActiveCfg = Debug|x64
		{43ED9727-74EE-4AEA-873F-50F8A7C1B09C}.DLLEXPORT|x64.Build.0 = Debug|x64
		{43ED9727-74EE-4AEA-873F-50F8A7C1B09C}.EDITOR|Win32.ActiveCfg = Release|Win32
		{43ED9727-74EE-4AEA-873F-50F8A7C1B09C}.EDITOR|Win32.Build.0 = Release|Win32
		{43ED9727-74EE-4AEA-873F-50F8A7C1B09C}.EDITOR|x64.ActiveCfg = Release|x64
		{43ED9727-74EE-4AEA-873F-50F8A7C1B09C}.EDITOR|x64.Build.0 = Release|x64
		{43ED9727-74EE-4AEA-873F-50F8A7C1B09C}.Release|Win32.ActiveCfg = Release|Win32
		{43ED9727-74EE-4AEA-873F-50F8A7C1B09C}.Release|Win32.Build.0 = Release|Win32
		{43ED9727-74EE-4AEA-873F-50F8A7C1B09C}.Release|x64.ActiveCfg = Release|x64
		{43ED9727-74EE-4AEA-873F-50F8A7C1B09C}.Release|x64.Build.0 = Release|x64
		{43ED9727-74EE-4AEA-873F-50F8A7C1B09C}.WIN32RUN|Win32.ActiveCfg = Release|Win32
		{43ED9727-74EE-4AEA-873F-50F8A7C1B09C}.WIN32RUN|Win32.Build.0 = Release|Win32
		{43ED9727-74EE-4AEA-873F-50F8A7C1B09C}.WIN32RUN|x64.ActiveCfg = Release|x64
		{43ED9727-74EE-4AEA-873F-50F8A7C1B09C}.WIN32RUN|x64.Build.0 = Release|x64
	EndGlobalSection
	GlobalSection(SolutionProperties) = preSolution
		HideSolutionNode = FALSE
	EndGlobalSection
EndGlobal
